
Microsoft Visual Studio Solution File, Format Version 12.00
# Visual Studio Version 17
VisualStudioVersion = 17.9.34902.65
MinimumVisualStudioVersion = 10.0.40219.1
Project("{9A19103F-16F7-4668-BE54-9A1E7A4F7556}") = "ErrorHandling", "ErrorHandling\ErrorHandling.csproj", "{66FAF276-533D-4733-AB2E-A9905D678CF6}"
EndProject
Project("{9A19103F-16F7-4668-BE54-9A1E7A4F7556}") = "TagCloudDI", "TagCloudDI\TagCloudDI.csproj", "{7DA64307-0F29-47F5-89C2-89D8FEBBF03E}"
	ProjectSection(ProjectDependencies) = postProject
		{66FAF276-533D-4733-AB2E-A9905D678CF6} = {66FAF276-533D-4733-AB2E-A9905D678CF6}
	EndProjectSection
EndProject
Project("{9A19103F-16F7-4668-BE54-9A1E7A4F7556}") = "TagCloudDITests", "TagCloudDITests\TagCloudDITests.csproj", "{6339D010-9F32-4594-8562-3082F2F12D59}"
	ProjectSection(ProjectDependencies) = postProject
		{66FAF276-533D-4733-AB2E-A9905D678CF6} = {66FAF276-533D-4733-AB2E-A9905D678CF6}
	EndProjectSection
EndProject
Global
	GlobalSection(SolutionConfigurationPlatforms) = preSolution
		Debug|Any CPU = Debug|Any CPU
		Release|Any CPU = Release|Any CPU
	EndGlobalSection
	GlobalSection(ProjectConfigurationPlatforms) = postSolution
		{66FAF276-533D-4733-AB2E-A9905D678CF6}.Debug|Any CPU.ActiveCfg = Debug|Any CPU
		{66FAF276-533D-4733-AB2E-A9905D678CF6}.Debug|Any CPU.Build.0 = Debug|Any CPU
		{66FAF276-533D-4733-AB2E-A9905D678CF6}.Release|Any CPU.ActiveCfg = Release|Any CPU
		{66FAF276-533D-4733-AB2E-A9905D678CF6}.Release|Any CPU.Build.0 = Release|Any CPU
		{7DA64307-0F29-47F5-89C2-89D8FEBBF03E}.Debug|Any CPU.ActiveCfg = Debug|Any CPU
		{7DA64307-0F29-47F5-89C2-89D8FEBBF03E}.Debug|Any CPU.Build.0 = Debug|Any CPU
		{7DA64307-0F29-47F5-89C2-89D8FEBBF03E}.Release|Any CPU.ActiveCfg = Release|Any CPU
		{7DA64307-0F29-47F5-89C2-89D8FEBBF03E}.Release|Any CPU.Build.0 = Release|Any CPU
		{6339D010-9F32-4594-8562-3082F2F12D59}.Debug|Any CPU.ActiveCfg = Debug|Any CPU
		{6339D010-9F32-4594-8562-3082F2F12D59}.Debug|Any CPU.Build.0 = Debug|Any CPU
		{6339D010-9F32-4594-8562-3082F2F12D59}.Release|Any CPU.ActiveCfg = Release|Any CPU
		{6339D010-9F32-4594-8562-3082F2F12D59}.Release|Any CPU.Build.0 = Release|Any CPU
	EndGlobalSection
	GlobalSection(SolutionProperties) = preSolution
		HideSolutionNode = FALSE
	EndGlobalSection
	GlobalSection(ExtensibilityGlobals) = postSolution
		SolutionGuid = {44881DCD-9A3C-4770-9BF7-D9B01D70EFB4}
	EndGlobalSection
EndGlobal
